
Microsoft Visual Studio Solution File, Format Version 12.00
# Visual Studio Version 17
VisualStudioVersion = 17.3.32901.215
MinimumVisualStudioVersion = 10.0.40219.1
Project("{FAE04EC0-301F-11D3-BF4B-00C04F79EFBC}") = "WPF-Falling", "WPF-Falling.csproj", "{98CF592A-E7FC-483D-93C5-26CD03000014}"
EndProject
Global
	GlobalSection(SolutionConfigurationPlatforms) = preSolution
		Debug|Any CPU = Debug|Any CPU
		Release|Any CPU = Release|Any CPU
	EndGlobalSection
	GlobalSection(ProjectConfigurationPlatforms) = postSolution
		{98CF592A-E7FC-483D-93C5-26CD03000014}.Debug|Any CPU.ActiveCfg = Debug|Any CPU
		{98CF592A-E7FC-483D-93C5-26CD03000014}.Debug|Any CPU.Build.0 = Debug|Any CPU
		{98CF592A-E7FC-483D-93C5-26CD03000014}.Release|Any CPU.ActiveCfg = Release|Any CPU
		{98CF592A-E7FC-483D-93C5-26CD03000014}.Release|Any CPU.Build.0 = Release|Any CPU
	EndGlobalSection
	GlobalSection(SolutionProperties) = preSolution
		HideSolutionNode = FALSE
	EndGlobalSection
	GlobalSection(ExtensibilityGlobals) = postSolution
		SolutionGuid = {7976590F-1D25-48DF-AA2B-3978EBBCE591}
	EndGlobalSection
EndGlobal
